// !$*UTF8*$!
{
	archiveVersion = 1;
	classes = {
	};
	objectVersion = 50;
	objects = {

/* Begin PBXBuildFile section */
		D9CAF0E605A67EAC1719A62A /* Pods_MapTest.framework in Frameworks */ = {isa = PBXBuildFile; fileRef = 16B4BDE59B889BF233AC936D /* Pods_MapTest.framework */; };
		E87D15792149CB90000837DB /* GoogleMapViewController.swift in Sources */ = {isa = PBXBuildFile; fileRef = E87D15782149CB90000837DB /* GoogleMapViewController.swift */; };
		E87D157B2149CEA8000837DB /* style.json in Resources */ = {isa = PBXBuildFile; fileRef = E87D157A2149CEA7000837DB /* style.json */; };
		E87D157D2149D35A000837DB /* GoogleMapDetailViewController.swift in Sources */ = {isa = PBXBuildFile; fileRef = E87D157C2149D35A000837DB /* GoogleMapDetailViewController.swift */; };
		E8C3125B214B2B9D00F8CC2C /* GoogleMapListViewController.swift in Sources */ = {isa = PBXBuildFile; fileRef = E8C3125A214B2B9D00F8CC2C /* GoogleMapListViewController.swift */; };
		E8FB06872148BADE00720AB3 /* AppDelegate.swift in Sources */ = {isa = PBXBuildFile; fileRef = E8FB06862148BADE00720AB3 /* AppDelegate.swift */; };
		E8FB06892148BADE00720AB3 /* ViewController.swift in Sources */ = {isa = PBXBuildFile; fileRef = E8FB06882148BADE00720AB3 /* ViewController.swift */; };
		E8FB068C2148BADE00720AB3 /* Main.storyboard in Resources */ = {isa = PBXBuildFile; fileRef = E8FB068A2148BADE00720AB3 /* Main.storyboard */; };
		E8FB068F2148BADE00720AB3 /* MapTest.xcdatamodeld in Sources */ = {isa = PBXBuildFile; fileRef = E8FB068D2148BADE00720AB3 /* MapTest.xcdatamodeld */; };
		E8FB06912148BADE00720AB3 /* Assets.xcassets in Resources */ = {isa = PBXBuildFile; fileRef = E8FB06902148BADE00720AB3 /* Assets.xcassets */; };
		E8FB06942148BADE00720AB3 /* LaunchScreen.storyboard in Resources */ = {isa = PBXBuildFile; fileRef = E8FB06922148BADE00720AB3 /* LaunchScreen.storyboard */; };
		E8FB069C2148BC3D00720AB3 /* Destination.swift in Sources */ = {isa = PBXBuildFile; fileRef = E8FB069B2148BC3D00720AB3 /* Destination.swift */; };
		E8FB069E2148BC7C00720AB3 /* DestinationView.swift in Sources */ = {isa = PBXBuildFile; fileRef = E8FB069D2148BC7C00720AB3 /* DestinationView.swift */; };
		E8FB06A02148BC8D00720AB3 /* DestinationMarkerView.swift in Sources */ = {isa = PBXBuildFile; fileRef = E8FB069F2148BC8D00720AB3 /* DestinationMarkerView.swift */; };
		E8FB06A22148C24200720AB3 /* DetailViewController.swift in Sources */ = {isa = PBXBuildFile; fileRef = E8FB06A12148C24200720AB3 /* DetailViewController.swift */; };
/* End PBXBuildFile section */

/* Begin PBXFileReference section */
		16B4BDE59B889BF233AC936D /* Pods_MapTest.framework */ = {isa = PBXFileReference; explicitFileType = wrapper.framework; includeInIndex = 0; path = Pods_MapTest.framework; sourceTree = BUILT_PRODUCTS_DIR; };
		8003ABDC1C5024C338D3039E /* Pods-MapTest.debug.xcconfig */ = {isa = PBXFileReference; includeInIndex = 1; lastKnownFileType = text.xcconfig; name = "Pods-MapTest.debug.xcconfig"; path = "Pods/Target Support Files/Pods-MapTest/Pods-MapTest.debug.xcconfig"; sourceTree = "<group>"; };
		87FA05353A60820C2198C8D4 /* Pods-MapTest.release.xcconfig */ = {isa = PBXFileReference; includeInIndex = 1; lastKnownFileType = text.xcconfig; name = "Pods-MapTest.release.xcconfig"; path = "Pods/Target Support Files/Pods-MapTest/Pods-MapTest.release.xcconfig"; sourceTree = "<group>"; };
		E87D15782149CB90000837DB /* GoogleMapViewController.swift */ = {isa = PBXFileReference; lastKnownFileType = sourcecode.swift; path = GoogleMapViewController.swift; sourceTree = "<group>"; };
		E87D157A2149CEA7000837DB /* style.json */ = {isa = PBXFileReference; fileEncoding = 4; lastKnownFileType = text.json; path = style.json; sourceTree = "<group>"; };
		E87D157C2149D35A000837DB /* GoogleMapDetailViewController.swift */ = {isa = PBXFileReference; lastKnownFileType = sourcecode.swift; path = GoogleMapDetailViewController.swift; sourceTree = "<group>"; };
		E8C3125A214B2B9D00F8CC2C /* GoogleMapListViewController.swift */ = {isa = PBXFileReference; lastKnownFileType = sourcecode.swift; path = GoogleMapListViewController.swift; sourceTree = "<group>"; };
		E8FB06832148BADE00720AB3 /* MapTest.app */ = {isa = PBXFileReference; explicitFileType = wrapper.application; includeInIndex = 0; path = MapTest.app; sourceTree = BUILT_PRODUCTS_DIR; };
		E8FB06862148BADE00720AB3 /* AppDelegate.swift */ = {isa = PBXFileReference; lastKnownFileType = sourcecode.swift; path = AppDelegate.swift; sourceTree = "<group>"; };
		E8FB06882148BADE00720AB3 /* ViewController.swift */ = {isa = PBXFileReference; lastKnownFileType = sourcecode.swift; path = ViewController.swift; sourceTree = "<group>"; };
		E8FB068B2148BADE00720AB3 /* Base */ = {isa = PBXFileReference; lastKnownFileType = file.storyboard; name = Base; path = Base.lproj/Main.storyboard; sourceTree = "<group>"; };
		E8FB068E2148BADE00720AB3 /* MapTest.xcdatamodel */ = {isa = PBXFileReference; lastKnownFileType = wrapper.xcdatamodel; path = MapTest.xcdatamodel; sourceTree = "<group>"; };
		E8FB06902148BADE00720AB3 /* Assets.xcassets */ = {isa = PBXFileReference; lastKnownFileType = folder.assetcatalog; path = Assets.xcassets; sourceTree = "<group>"; };
		E8FB06932148BADE00720AB3 /* Base */ = {isa = PBXFileReference; lastKnownFileType = file.storyboard; name = Base; path = Base.lproj/LaunchScreen.storyboard; sourceTree = "<group>"; };
		E8FB06952148BADE00720AB3 /* Info.plist */ = {isa = PBXFileReference; lastKnownFileType = text.plist.xml; path = Info.plist; sourceTree = "<group>"; };
		E8FB069B2148BC3D00720AB3 /* Destination.swift */ = {isa = PBXFileReference; lastKnownFileType = sourcecode.swift; path = Destination.swift; sourceTree = "<group>"; };
		E8FB069D2148BC7C00720AB3 /* DestinationView.swift */ = {isa = PBXFileReference; lastKnownFileType = sourcecode.swift; path = DestinationView.swift; sourceTree = "<group>"; };
		E8FB069F2148BC8D00720AB3 /* DestinationMarkerView.swift */ = {isa = PBXFileReference; lastKnownFileType = sourcecode.swift; path = DestinationMarkerView.swift; sourceTree = "<group>"; };
		E8FB06A12148C24200720AB3 /* DetailViewController.swift */ = {isa = PBXFileReference; lastKnownFileType = sourcecode.swift; path = DetailViewController.swift; sourceTree = "<group>"; };
/* End PBXFileReference section */

/* Begin PBXFrameworksBuildPhase section */
		E8FB06802148BADE00720AB3 /* Frameworks */ = {
			isa = PBXFrameworksBuildPhase;
			buildActionMask = 2147483647;
			files = (
				D9CAF0E605A67EAC1719A62A /* Pods_MapTest.framework in Frameworks */,
			);
			runOnlyForDeploymentPostprocessing = 0;
		};
/* End PBXFrameworksBuildPhase section */

/* Begin PBXGroup section */
		95268833C4ED07F3874A8E15 /* Frameworks */ = {
			isa = PBXGroup;
			children = (
				16B4BDE59B889BF233AC936D /* Pods_MapTest.framework */,
			);
			name = Frameworks;
			sourceTree = "<group>";
		};
		96414CB3DC2D0CC4BD7E4B69 /* Pods */ = {
			isa = PBXGroup;
			children = (
				8003ABDC1C5024C338D3039E /* Pods-MapTest.debug.xcconfig */,
				87FA05353A60820C2198C8D4 /* Pods-MapTest.release.xcconfig */,
			);
			name = Pods;
			sourceTree = "<group>";
		};
		E8FB067A2148BADE00720AB3 = {
			isa = PBXGroup;
			children = (
				E8FB06852148BADE00720AB3 /* MapTest */,
				E8FB06842148BADE00720AB3 /* Products */,
				96414CB3DC2D0CC4BD7E4B69 /* Pods */,
				95268833C4ED07F3874A8E15 /* Frameworks */,
			);
			sourceTree = "<group>";
		};
		E8FB06842148BADE00720AB3 /* Products */ = {
			isa = PBXGroup;
			children = (
				E8FB06832148BADE00720AB3 /* MapTest.app */,
			);
			name = Products;
			sourceTree = "<group>";
		};
		E8FB06852148BADE00720AB3 /* MapTest */ = {
			isa = PBXGroup;
			children = (
				E8FB06862148BADE00720AB3 /* AppDelegate.swift */,
				E8FB06882148BADE00720AB3 /* ViewController.swift */,
				E8FB06A12148C24200720AB3 /* DetailViewController.swift */,
				E8FB069B2148BC3D00720AB3 /* Destination.swift */,
				E8FB069D2148BC7C00720AB3 /* DestinationView.swift */,
				E8FB069F2148BC8D00720AB3 /* DestinationMarkerView.swift */,
				E87D15782149CB90000837DB /* GoogleMapViewController.swift */,
				E87D157C2149D35A000837DB /* GoogleMapDetailViewController.swift */,
				E8C3125A214B2B9D00F8CC2C /* GoogleMapListViewController.swift */,
				E8FB068A2148BADE00720AB3 /* Main.storyboard */,
				E87D157A2149CEA7000837DB /* style.json */,
				E8FB06902148BADE00720AB3 /* Assets.xcassets */,
				E8FB06922148BADE00720AB3 /* LaunchScreen.storyboard */,
				E8FB06952148BADE00720AB3 /* Info.plist */,
				E8FB068D2148BADE00720AB3 /* MapTest.xcdatamodeld */,
			);
			path = MapTest;
			sourceTree = "<group>";
		};
/* End PBXGroup section */

/* Begin PBXNativeTarget section */
		E8FB06822148BADE00720AB3 /* MapTest */ = {
			isa = PBXNativeTarget;
			buildConfigurationList = E8FB06982148BADE00720AB3 /* Build configuration list for PBXNativeTarget "MapTest" */;
			buildPhases = (
				F47FDCBF9D35BFDEC82216E3 /* [CP] Check Pods Manifest.lock */,
				E8FB067F2148BADE00720AB3 /* Sources */,
				E8FB06802148BADE00720AB3 /* Frameworks */,
				E8FB06812148BADE00720AB3 /* Resources */,
				B7C6A337666AD355938CA96A /* [CP] Copy Pods Resources */,
				969FA5076931EC202C890281 /* [CP] Embed Pods Frameworks */,
			);
			buildRules = (
			);
			dependencies = (
			);
			name = MapTest;
			productName = MapTest;
			productReference = E8FB06832148BADE00720AB3 /* MapTest.app */;
			productType = "com.apple.product-type.application";
		};
/* End PBXNativeTarget section */

/* Begin PBXProject section */
		E8FB067B2148BADE00720AB3 /* Project object */ = {
			isa = PBXProject;
			attributes = {
				LastSwiftUpdateCheck = 0940;
				LastUpgradeCheck = 0940;
				ORGANIZATIONNAME = "UCI Student Center";
				TargetAttributes = {
					E8FB06822148BADE00720AB3 = {
						CreatedOnToolsVersion = 9.4.1;
					};
				};
			};
			buildConfigurationList = E8FB067E2148BADE00720AB3 /* Build configuration list for PBXProject "MapTest" */;
			compatibilityVersion = "Xcode 9.3";
			developmentRegion = en;
			hasScannedForEncodings = 0;
			knownRegions = (
				en,
				Base,
			);
			mainGroup = E8FB067A2148BADE00720AB3;
			productRefGroup = E8FB06842148BADE00720AB3 /* Products */;
			projectDirPath = "";
			projectRoot = "";
			targets = (
				E8FB06822148BADE00720AB3 /* MapTest */,
			);
		};
/* End PBXProject section */

/* Begin PBXResourcesBuildPhase section */
		E8FB06812148BADE00720AB3 /* Resources */ = {
			isa = PBXResourcesBuildPhase;
			buildActionMask = 2147483647;
			files = (
				E8FB06942148BADE00720AB3 /* LaunchScreen.storyboard in Resources */,
				E8FB06912148BADE00720AB3 /* Assets.xcassets in Resources */,
				E8FB068C2148BADE00720AB3 /* Main.storyboard in Resources */,
				E87D157B2149CEA8000837DB /* style.json in Resources */,
			);
			runOnlyForDeploymentPostprocessing = 0;
		};
/* End PBXResourcesBuildPhase section */

/* Begin PBXShellScriptBuildPhase section */
		969FA5076931EC202C890281 /* [CP] Embed Pods Frameworks */ = {
			isa = PBXShellScriptBuildPhase;
			buildActionMask = 2147483647;
			files = (
			);
			inputPaths = (
				"${SRCROOT}/Pods/Target Support Files/Pods-MapTest/Pods-MapTest-frameworks.sh",
				"${BUILT_PRODUCTS_DIR}/Alamofire/Alamofire.framework",
				"${BUILT_PRODUCTS_DIR}/SwiftyJSON/SwiftyJSON.framework",
			);
			name = "[CP] Embed Pods Frameworks";
			outputPaths = (
				"${TARGET_BUILD_DIR}/${FRAMEWORKS_FOLDER_PATH}/Alamofire.framework",
				"${TARGET_BUILD_DIR}/${FRAMEWORKS_FOLDER_PATH}/SwiftyJSON.framework",
			);
			runOnlyForDeploymentPostprocessing = 0;
			shellPath = /bin/sh;
			shellScript = "\"${SRCROOT}/Pods/Target Support Files/Pods-MapTest/Pods-MapTest-frameworks.sh\"\n";
			showEnvVarsInLog = 0;
		};
		B7C6A337666AD355938CA96A /* [CP] Copy Pods Resources */ = {
			isa = PBXShellScriptBuildPhase;
			buildActionMask = 2147483647;
			files = (
			);
			inputPaths = (
				"${SRCROOT}/Pods/Target Support Files/Pods-MapTest/Pods-MapTest-resources.sh",
				"${PODS_ROOT}/GoogleMaps/Maps/Frameworks/GoogleMaps.framework/Resources/GoogleMaps.bundle",
				"${PODS_ROOT}/GooglePlaces/Frameworks/GooglePlaces.framework/Resources/GooglePlaces.bundle",
			);
			name = "[CP] Copy Pods Resources";
			outputPaths = (
				"${TARGET_BUILD_DIR}/${UNLOCALIZED_RESOURCES_FOLDER_PATH}/GoogleMaps.bundle",
				"${TARGET_BUILD_DIR}/${UNLOCALIZED_RESOURCES_FOLDER_PATH}/GooglePlaces.bundle",
			);
			runOnlyForDeploymentPostprocessing = 0;
			shellPath = /bin/sh;
			shellScript = "\"${SRCROOT}/Pods/Target Support Files/Pods-MapTest/Pods-MapTest-resources.sh\"\n";
			showEnvVarsInLog = 0;
		};
		F47FDCBF9D35BFDEC82216E3 /* [CP] Check Pods Manifest.lock */ = {
			isa = PBXShellScriptBuildPhase;
			buildActionMask = 2147483647;
			files = (
			);
			inputPaths = (
				"${PODS_PODFILE_DIR_PATH}/Podfile.lock",
				"${PODS_ROOT}/Manifest.lock",
			);
			name = "[CP] Check Pods Manifest.lock";
			outputPaths = (
				"$(DERIVED_FILE_DIR)/Pods-MapTest-checkManifestLockResult.txt",
			);
			runOnlyForDeploymentPostprocessing = 0;
			shellPath = /bin/sh;
			shellScript = "diff \"${PODS_PODFILE_DIR_PATH}/Podfile.lock\" \"${PODS_ROOT}/Manifest.lock\" > /dev/null\nif [ $? != 0 ] ; then\n    # print error to STDERR\n    echo \"error: The sandbox is not in sync with the Podfile.lock. Run 'pod install' or update your CocoaPods installation.\" >&2\n    exit 1\nfi\n# This output is used by Xcode 'outputs' to avoid re-running this script phase.\necho \"SUCCESS\" > \"${SCRIPT_OUTPUT_FILE_0}\"\n";
			showEnvVarsInLog = 0;
		};
/* End PBXShellScriptBuildPhase section */

/* Begin PBXSourcesBuildPhase section */
		E8FB067F2148BADE00720AB3 /* Sources */ = {
			isa = PBXSourcesBuildPhase;
			buildActionMask = 2147483647;
			files = (
				E8FB068F2148BADE00720AB3 /* MapTest.xcdatamodeld in Sources */,
				E8FB06892148BADE00720AB3 /* ViewController.swift in Sources */,
				E8C3125B214B2B9D00F8CC2C /* GoogleMapListViewController.swift in Sources */,
				E87D15792149CB90000837DB /* GoogleMapViewController.swift in Sources */,
				E8FB069E2148BC7C00720AB3 /* DestinationView.swift in Sources */,
				E8FB069C2148BC3D00720AB3 /* Destination.swift in Sources */,
				E8FB06872148BADE00720AB3 /* AppDelegate.swift in Sources */,
				E8FB06A02148BC8D00720AB3 /* DestinationMarkerView.swift in Sources */,
				E8FB06A22148C24200720AB3 /* DetailViewController.swift in Sources */,
				E87D157D2149D35A000837DB /* GoogleMapDetailViewController.swift in Sources */,
			);
			runOnlyForDeploymentPostprocessing = 0;
		};
/* End PBXSourcesBuildPhase section */

/* Begin PBXVariantGroup section */
		E8FB068A2148BADE00720AB3 /* Main.storyboard */ = {
			isa = PBXVariantGroup;
			children = (
				E8FB068B2148BADE00720AB3 /* Base */,
			);
			name = Main.storyboard;
			sourceTree = "<group>";
		};
		E8FB06922148BADE00720AB3 /* LaunchScreen.storyboard */ = {
			isa = PBXVariantGroup;
			children = (
				E8FB06932148BADE00720AB3 /* Base */,
			);
			name = LaunchScreen.storyboard;
			sourceTree = "<group>";
		};
/* End PBXVariantGroup section */

/* Begin XCBuildConfiguration section */
		E8FB06962148BADE00720AB3 /* Debug */ = {
			isa = XCBuildConfiguration;
			buildSettings = {
				ALWAYS_SEARCH_USER_PATHS = NO;
				CLANG_ANALYZER_NONNULL = YES;
				CLANG_ANALYZER_NUMBER_OBJECT_CONVERSION = YES_AGGRESSIVE;
				CLANG_CXX_LANGUAGE_STANDARD = "gnu++14";
				CLANG_CXX_LIBRARY = "libc++";
				CLANG_ENABLE_MODULES = YES;
				CLANG_ENABLE_OBJC_ARC = YES;
				CLANG_ENABLE_OBJC_WEAK = YES;
				CLANG_WARN_BLOCK_CAPTURE_AUTORELEASING = YES;
				CLANG_WARN_BOOL_CONVERSION = YES;
				CLANG_WARN_COMMA = YES;
				CLANG_WARN_CONSTANT_CONVERSION = YES;
				CLANG_WARN_DEPRECATED_OBJC_IMPLEMENTATIONS = YES;
				CLANG_WARN_DIRECT_OBJC_ISA_USAGE = YES_ERROR;
				CLANG_WARN_DOCUMENTATION_COMMENTS = YES;
				CLANG_WARN_EMPTY_BODY = YES;
				CLANG_WARN_ENUM_CONVERSION = YES;
				CLANG_WARN_INFINITE_RECURSION = YES;
				CLANG_WARN_INT_CONVERSION = YES;
				CLANG_WARN_NON_LITERAL_NULL_CONVERSION = YES;
				CLANG_WARN_OBJC_IMPLICIT_RETAIN_SELF = YES;
				CLANG_WARN_OBJC_LITERAL_CONVERSION = YES;
				CLANG_WARN_OBJC_ROOT_CLASS = YES_ERROR;
				CLANG_WARN_RANGE_LOOP_ANALYSIS = YES;
				CLANG_WARN_STRICT_PROTOTYPES = YES;
				CLANG_WARN_SUSPICIOUS_MOVE = YES;
				CLANG_WARN_UNGUARDED_AVAILABILITY = YES_AGGRESSIVE;
				CLANG_WARN_UNREACHABLE_CODE = YES;
				CLANG_WARN__DUPLICATE_METHOD_MATCH = YES;
				CODE_SIGN_IDENTITY = "iPhone Developer";
				COPY_PHASE_STRIP = NO;
				DEBUG_INFORMATION_FORMAT = dwarf;
				ENABLE_STRICT_OBJC_MSGSEND = YES;
				ENABLE_TESTABILITY = YES;
				GCC_C_LANGUAGE_STANDARD = gnu11;
				GCC_DYNAMIC_NO_PIC = NO;
				GCC_NO_COMMON_BLOCKS = YES;
				GCC_OPTIMIZATION_LEVEL = 0;
				GCC_PREPROCESSOR_DEFINITIONS = (
					"DEBUG=1",
					"$(inherited)",
				);
				GCC_WARN_64_TO_32_BIT_CONVERSION = YES;
				GCC_WARN_ABOUT_RETURN_TYPE = YES_ERROR;
				GCC_WARN_UNDECLARED_SELECTOR = YES;
				GCC_WARN_UNINITIALIZED_AUTOS = YES_AGGRESSIVE;
				GCC_WARN_UNUSED_FUNCTION = YES;
				GCC_WARN_UNUSED_VARIABLE = YES;
				IPHONEOS_DEPLOYMENT_TARGET = 11.4;
				MTL_ENABLE_DEBUG_INFO = YES;
				ONLY_ACTIVE_ARCH = YES;
				SDKROOT = iphoneos;
				SWIFT_ACTIVE_COMPILATION_CONDITIONS = DEBUG;
				SWIFT_OPTIMIZATION_LEVEL = "-Onone";
			};
			name = Debug;
		};
		E8FB06972148BADE00720AB3 /* Release */ = {
			isa = XCBuildConfiguration;
			buildSettings = {
				ALWAYS_SEARCH_USER_PATHS = NO;
				CLANG_ANALYZER_NONNULL = YES;
				CLANG_ANALYZER_NUMBER_OBJECT_CONVERSION = YES_AGGRESSIVE;
				CLANG_CXX_LANGUAGE_STANDARD = "gnu++14";
				CLANG_CXX_LIBRARY = "libc++";
				CLANG_ENABLE_MODULES = YES;
				CLANG_ENABLE_OBJC_ARC = YES;
				CLANG_ENABLE_OBJC_WEAK = YES;
				CLANG_WARN_BLOCK_CAPTURE_AUTORELEASING = YES;
				CLANG_WARN_BOOL_CONVERSION = YES;
				CLANG_WARN_COMMA = YES;
				CLANG_WARN_CONSTANT_CONVERSION = YES;
				CLANG_WARN_DEPRECATED_OBJC_IMPLEMENTATIONS = YES;
				CLANG_WARN_DIRECT_OBJC_ISA_USAGE = YES_ERROR;
				CLANG_WARN_DOCUMENTATION_COMMENTS = YES;
				CLANG_WARN_EMPTY_BODY = YES;
				CLANG_WARN_ENUM_CONVERSION = YES;
				CLANG_WARN_INFINITE_RECURSION = YES;
				CLANG_WARN_INT_CONVERSION = YES;
				CLANG_WARN_NON_LITERAL_NULL_CONVERSION = YES;
				CLANG_WARN_OBJC_IMPLICIT_RETAIN_SELF = YES;
				CLANG_WARN_OBJC_LITERAL_CONVERSION = YES;
				CLANG_WARN_OBJC_ROOT_CLASS = YES_ERROR;
				CLANG_WARN_RANGE_LOOP_ANALYSIS = YES;
				CLANG_WARN_STRICT_PROTOTYPES = YES;
				CLANG_WARN_SUSPICIOUS_MOVE = YES;
				CLANG_WARN_UNGUARDED_AVAILABILITY = YES_AGGRESSIVE;
				CLANG_WARN_UNREACHABLE_CODE = YES;
				CLANG_WARN__DUPLICATE_METHOD_MATCH = YES;
				CODE_SIGN_IDENTITY = "iPhone Developer";
				COPY_PHASE_STRIP = NO;
				DEBUG_INFORMATION_FORMAT = "dwarf-with-dsym";
				ENABLE_NS_ASSERTIONS = NO;
				ENABLE_STRICT_OBJC_MSGSEND = YES;
				GCC_C_LANGUAGE_STANDARD = gnu11;
				GCC_NO_COMMON_BLOCKS = YES;
				GCC_WARN_64_TO_32_BIT_CONVERSION = YES;
				GCC_WARN_ABOUT_RETURN_TYPE = YES_ERROR;
				GCC_WARN_UNDECLARED_SELECTOR = YES;
				GCC_WARN_UNINITIALIZED_AUTOS = YES_AGGRESSIVE;
				GCC_WARN_UNUSED_FUNCTION = YES;
				GCC_WARN_UNUSED_VARIABLE = YES;
				IPHONEOS_DEPLOYMENT_TARGET = 11.4;
				MTL_ENABLE_DEBUG_INFO = NO;
				SDKROOT = iphoneos;
				SWIFT_COMPILATION_MODE = wholemodule;
				SWIFT_OPTIMIZATION_LEVEL = "-O";
				VALIDATE_PRODUCT = YES;
			};
			name = Release;
		};
		E8FB06992148BADE00720AB3 /* Debug */ = {
			isa = XCBuildConfiguration;
			baseConfigurationReference = 8003ABDC1C5024C338D3039E /* Pods-MapTest.debug.xcconfig */;
			buildSettings = {
				ASSETCATALOG_COMPILER_APPICON_NAME = AppIcon;
				CODE_SIGN_STYLE = Automatic;
				DEVELOPMENT_TEAM = 5TW2J92RYD;
				INFOPLIST_FILE = MapTest/Info.plist;
				IPHONEOS_DEPLOYMENT_TARGET = 11.0;
				LD_RUNPATH_SEARCH_PATHS = "$(inherited) @executable_path/Frameworks";
				PRODUCT_BUNDLE_IDENTIFIER = UCISCES.MapTest;
				PRODUCT_NAME = "$(TARGET_NAME)";
				SWIFT_VERSION = 4.0;
				TARGETED_DEVICE_FAMILY = "1,2";
			};
			name = Debug;
		};
		E8FB069A2148BADE00720AB3 /* Release */ = {
			isa = XCBuildConfiguration;
			baseConfigurationReference = 87FA05353A60820C2198C8D4 /* Pods-MapTest.release.xcconfig */;
			buildSettings = {
				ASSETCATALOG_COMPILER_APPICON_NAME = AppIcon;
				CODE_SIGN_STYLE = Automatic;
				DEVELOPMENT_TEAM = 5TW2J92RYD;
				INFOPLIST_FILE = MapTest/Info.plist;
				IPHONEOS_DEPLOYMENT_TARGET = 11.0;
				LD_RUNPATH_SEARCH_PATHS = "$(inherited) @executable_path/Frameworks";
				PRODUCT_BUNDLE_IDENTIFIER = UCISCES.MapTest;
				PRODUCT_NAME = "$(TARGET_NAME)";
				SWIFT_VERSION = 4.0;
				TARGETED_DEVICE_FAMILY = "1,2";
			};
			name = Release;
		};
/* End XCBuildConfiguration section */

/* Begin XCConfigurationList section */
		E8FB067E2148BADE00720AB3 /* Build configuration list for PBXProject "MapTest" */ = {
			isa = XCConfigurationList;
			buildConfigurations = (
				E8FB06962148BADE00720AB3 /* Debug */,
				E8FB06972148BADE00720AB3 /* Release */,
			);
			defaultConfigurationIsVisible = 0;
			defaultConfigurationName = Release;
		};
		E8FB06982148BADE00720AB3 /* Build configuration list for PBXNativeTarget "MapTest" */ = {
			isa = XCConfigurationList;
			buildConfigurations = (
				E8FB06992148BADE00720AB3 /* Debug */,
				E8FB069A2148BADE00720AB3 /* Release */,
			);
			defaultConfigurationIsVisible = 0;
			defaultConfigurationName = Release;
		};
/* End XCConfigurationList section */

/* Begin XCVersionGroup section */
		E8FB068D2148BADE00720AB3 /* MapTest.xcdatamodeld */ = {
			isa = XCVersionGroup;
			children = (
				E8FB068E2148BADE00720AB3 /* MapTest.xcdatamodel */,
			);
			currentVersion = E8FB068E2148BADE00720AB3 /* MapTest.xcdatamodel */;
			path = MapTest.xcdatamodeld;
			sourceTree = "<group>";
			versionGroupType = wrapper.xcdatamodel;
		};
/* End XCVersionGroup section */
	};
	rootObject = E8FB067B2148BADE00720AB3 /* Project object */;
}
